
Microsoft Visual Studio Solution File, Format Version 12.00
# Visual Studio Version 16
VisualStudioVersion = 16.0.31019.35
MinimumVisualStudioVersion = 10.0.40219.1
Project("{8BC9CEB8-8B4A-11D0-8D11-00A0C91BC942}") = "GeneralProblemSolving", "ProblemSolving.vcxproj", "{1C8F4348-1A81-45F2-A2BD-8FBCBA794DFD}"
EndProject
Project("{8BC9CEB8-8B4A-11D0-8D11-00A0C91BC942}") = "TreeProblems", "..\TreeProblems\TreeProblems.vcxproj", "{F4871313-45AE-42AB-BC08-778D0D31E636}"
EndProject
Project("{FAE04EC0-301F-11D3-BF4B-00C04F79EFBC}") = "DotNetSolutions", "..\DotNetSolutions\DotNetSolutions.csproj", "{8EB61853-9A6C-4C57-B03A-6E8239BFE5F0}"
EndProject
Global
	GlobalSection(SolutionConfigurationPlatforms) = preSolution
		Debug|Any CPU = Debug|Any CPU
		Debug|x64 = Debug|x64
		Debug|x86 = Debug|x86
		Release|Any CPU = Release|Any CPU
		Release|x64 = Release|x64
		Release|x86 = Release|x86
	EndGlobalSection
	GlobalSection(ProjectConfigurationPlatforms) = postSolution
		{1C8F4348-1A81-45F2-A2BD-8FBCBA794DFD}.Debug|Any CPU.ActiveCfg = Debug|Win32
		{1C8F4348-1A81-45F2-A2BD-8FBCBA794DFD}.Debug|x64.ActiveCfg = Debug|x64
		{1C8F4348-1A81-45F2-A2BD-8FBCBA794DFD}.Debug|x64.Build.0 = Debug|x64
		{1C8F4348-1A81-45F2-A2BD-8FBCBA794DFD}.Debug|x86.ActiveCfg = Debug|Win32
		{1C8F4348-1A81-45F2-A2BD-8FBCBA794DFD}.Debug|x86.Build.0 = Debug|Win32
		{1C8F4348-1A81-45F2-A2BD-8FBCBA794DFD}.Release|Any CPU.ActiveCfg = Release|Win32
		{1C8F4348-1A81-45F2-A2BD-8FBCBA794DFD}.Release|x64.ActiveCfg = Release|x64
		{1C8F4348-1A81-45F2-A2BD-8FBCBA794DFD}.Release|x64.Build.0 = Release|x64
		{1C8F4348-1A81-45F2-A2BD-8FBCBA794DFD}.Release|x86.ActiveCfg = Release|Win32
		{1C8F4348-1A81-45F2-A2BD-8FBCBA794DFD}.Release|x86.Build.0 = Release|Win32
		{F4871313-45AE-42AB-BC08-778D0D31E636}.Debug|Any CPU.ActiveCfg = Debug|Win32
		{F4871313-45AE-42AB-BC08-778D0D31E636}.Debug|x64.ActiveCfg = Debug|x64
		{F4871313-45AE-42AB-BC08-778D0D31E636}.Debug|x64.Build.0 = Debug|x64
		{F4871313-45AE-42AB-BC08-778D0D31E636}.Debug|x86.ActiveCfg = Debug|Win32
		{F4871313-45AE-42AB-BC08-778D0D31E636}.Debug|x86.Build.0 = Debug|Win32
		{F4871313-45AE-42AB-BC08-778D0D31E636}.Release|Any CPU.ActiveCfg = Release|Win32
		{F4871313-45AE-42AB-BC08-778D0D31E636}.Release|x64.ActiveCfg = Release|x64
		{F4871313-45AE-42AB-BC08-778D0D31E636}.Release|x64.Build.0 = Release|x64
		{F4871313-45AE-42AB-BC08-778D0D31E636}.Release|x86.ActiveCfg = Release|Win32
		{F4871313-45AE-42AB-BC08-778D0D31E636}.Release|x86.Build.0 = Release|Win32
		{8EB61853-9A6C-4C57-B03A-6E8239BFE5F0}.Debug|Any CPU.ActiveCfg = Debug|Any CPU
		{8EB61853-9A6C-4C57-B03A-6E8239BFE5F0}.Debug|Any CPU.Build.0 = Debug|Any CPU
		{8EB61853-9A6C-4C57-B03A-6E8239BFE5F0}.Debug|x64.ActiveCfg = Debug|Any CPU
		{8EB61853-9A6C-4C57-B03A-6E8239BFE5F0}.Debug|x64.Build.0 = Debug|Any CPU
		{8EB61853-9A6C-4C57-B03A-6E8239BFE5F0}.Debug|x86.ActiveCfg = Debug|Any CPU
		{8EB61853-9A6C-4C57-B03A-6E8239BFE5F0}.Debug|x86.Build.0 = Debug|Any CPU
		{8EB61853-9A6C-4C57-B03A-6E8239BFE5F0}.Release|Any CPU.ActiveCfg = Release|Any CPU
		{8EB61853-9A6C-4C57-B03A-6E8239BFE5F0}.Release|Any CPU.Build.0 = Release|Any CPU
		{8EB61853-9A6C-4C57-B03A-6E8239BFE5F0}.Release|x64.ActiveCfg = Release|Any CPU
		{8EB61853-9A6C-4C57-B03A-6E8239BFE5F0}.Release|x64.Build.0 = Release|Any CPU
		{8EB61853-9A6C-4C57-B03A-6E8239BFE5F0}.Release|x86.ActiveCfg = Release|Any CPU
		{8EB61853-9A6C-4C57-B03A-6E8239BFE5F0}.Release|x86.Build.0 = Release|Any CPU
	EndGlobalSection
	GlobalSection(SolutionProperties) = preSolution
		HideSolutionNode = FALSE
	EndGlobalSection
	GlobalSection(ExtensibilityGlobals) = postSolution
		SolutionGuid = {308B5704-0A7C-43AF-8186-DFFB28033308}
	EndGlobalSection
EndGlobal
